Microsoft Visual Studio Solution File, Format Version 10.00
# Visual Studio 2008
Project("{FAE04EC0-301F-11D3-BF4B-00C04F79EFBC}") = "nunit.addin.dll", "NUnitAddIn\nunit-addin\nunit.addin.dll.csproj", "{8FEEED1C-AA39-44BD-93C5-2E2505492D6A}"
EndProject
Project("{FAE04EC0-301F-11D3-BF4B-00C04F79EFBC}") = "nunit.addin.tests", "NUnitAddIn\tests\nunit.addin.tests.csproj", "{C793FA34-0A35-4530-A8C4-ABF6E8B5922E}"
EndProject
Global
	GlobalSection(SolutionConfigurationPlatforms) = preSolution
		Debug|Any CPU = Debug|Any CPU
		Release|Any CPU = Release|Any CPU
	EndGlobalSection
	GlobalSection(ProjectConfigurationPlatforms) = postSolution
		{8FEEED1C-AA39-44BD-93C5-2E2505492D6A}.Debug|Any CPU.ActiveCfg = Debug|Any CPU
		{8FEEED1C-AA39-44BD-93C5-2E2505492D6A}.Debug|Any CPU.Build.0 = Debug|Any CPU
		{8FEEED1C-AA39-44BD-93C5-2E2505492D6A}.Release|Any CPU.ActiveCfg = Debug|Any CPU
		{8FEEED1C-AA39-44BD-93C5-2E2505492D6A}.Release|Any CPU.Build.0 = Debug|Any CPU
		{C793FA34-0A35-4530-A8C4-ABF6E8B5922E}.Debug|Any CPU.ActiveCfg = Debug|Any CPU
		{C793FA34-0A35-4530-A8C4-ABF6E8B5922E}.Debug|Any CPU.Build.0 = Debug|Any CPU
		{C793FA34-0A35-4530-A8C4-ABF6E8B5922E}.Release|Any CPU.ActiveCfg = Debug|Any CPU
		{C793FA34-0A35-4530-A8C4-ABF6E8B5922E}.Release|Any CPU.Build.0 = Debug|Any CPU
	EndGlobalSection
	GlobalSection(SolutionProperties) = preSolution
		HideSolutionNode = FALSE
	EndGlobalSection
EndGlobal
